{
  "version": 4,
  "terraform_version": "1.2.4",
  "serial": 21,
  "lineage": "18e0043f-aec5-7d67-8b6a-14f3e937b0e1",
  "outputs": {
    "config_map_aws_auth": {
      "value": "apiVersion: v1\r\nkind: ConfigMap\r\nmetadata:\r\n  name: aws-auth\r\n  namespace: kube-system\r\ndata:\r\n  mapRoles: |\r\n    - rolearn: arn:aws:iam::737078406263:role/gourmeal-eks-node\r\n      username: system:node:{{EC2PrivateDNSName}}\r\n      groups:\r\n        - system:bootstrappers\r\n        - system:nodes\r\n",
      "type": "string"
    },
    "kubeconfig": {
      "value": "apiVersion: v1\r\nclusters:\r\n- cluster:\r\n    server: https://7D4197A889A39D1AF97A0243A9E9E78F.gr7.us-east-1.eks.amazonaws.com\r\n    certificate-authority-data: LS0tLS1CRUdJTiBDRVJUSUZJQ0FURS0tLS0tCk1JSUMvakNDQWVhZ0F3SUJBZ0lCQURBTkJna3Foa2lHOXcwQkFRc0ZBREFWTVJNd0VRWURWUVFERXdwcmRXSmwKY201bGRHVnpNQjRYRFRJeU1UQXlNakF6TVRJek4xb1hEVE15TVRBeE9UQXpNVEl6TjFvd0ZURVRNQkVHQTFVRQpBeE1LYTNWaVpYSnVaWFJsY3pDQ0FTSXdEUVlKS29aSWh2Y05BUUVCQlFBRGdnRVBBRENDQVFvQ2dnRUJBTDFVCmZDeTVWWVBocnZqUHRDdEowVURnRTBzY1ZUUE94bTZPeVhWd3Nmb1Y4alZqd1JVSTlKSzAwWHllU1ZxSG9KT0gKOE5lMVQwSFh6MU5uTXVydTdVMy9GQmRvMGhzQkhyNkFZbWJZM3VzL2xSUitTTVhqTnpzUEVFM2VEMlF3TnFnSQpacGpvcEZiQ0c3SjZLbllDL3JDNU8zYWtPR2RLaklDeEtUSEdyTEtqYUVkNkRETzBWVVhzTzJzYXZEUWxzNjk3CkR2Yk5JVGZXT2xWQmM5SnluVENzYW5ZdE9FeExpYnpGUit4czN6UHhFUzVBbTd0TXBQVGhIT04zb2pRYWRrVG4KdmtWVURkTWNKR1IwU2JpZkhkbjZxOGZvNDVnZVlrSXpYck1uUDZkeUE0VTlLeTlEZjZ0R1BoR0d4VkQ2NjYrRQoyQnlzZjhNQ2hUZ3lEQ21hUVZFQ0F3RUFBYU5aTUZjd0RnWURWUjBQQVFIL0JBUURBZ0trTUE4R0ExVWRFd0VCCi93UUZNQU1CQWY4d0hRWURWUjBPQkJZRUZGUTYzN3l3Ry85RWYxQWxmT01qRElhR3RJTk9NQlVHQTFVZEVRUU8KTUF5Q0NtdDFZbVZ5Ym1WMFpYTXdEUVlKS29aSWh2Y05BUUVMQlFBRGdnRUJBQVJkRzNyYWZZM2dhQjZmczFONQorYWh1NVV6bDRPNzl0M3dkY2JOYmNuZ0xCbDQ5MFBtSmZIaUNZQjJzNEJjZ3RJUUE5Z1YyeVRpdytmUjI2RTQzCkVOcHpkRm14TjNHQnVoM0hTM3hDQUFJc2FQdlA0SEVUV0RhTnpyc09NeXdpam9GUWUzZlVBSVFQOEpkdmlJbHoKNXRJcnlCTTV2Zy9MTjM1WmIzU1U5MFNqQlNnWnY5RG9iNEgzWG1Gc2M4eEdNRDFkdmVIOC8vMzE2YS9udFFQRgpndCtkUFc2VnhKK09WZkswL3RmeDNOL2hoUVd1QjFKb2RFSUVXRUYwdTNmM0R2T2Q1TkYwZTBkLzFPc1cvaUUxClVTdTc1dnlLdW04U0JVUnBpamVsODVWZjNGUFRNQ3l5SVZMaUtkWEhyYU44TFl6YURwd1JJTEpManZOaTcrUmEKd28wPQotLS0tLUVORCBDRVJUSUZJQ0FURS0tLS0tCg==\r\n  name: kubernetes\r\ncontexts:\r\n- context:\r\n    cluster: kubernetes\r\n    user: aws\r\n  name: aws\r\ncurrent-context: aws\r\nkind: Config\r\npreferences: {}\r\nusers:\r\n- name: aws\r\n  user:\r\n    exec:\r\n      apiVersion: client.authentication.k8s.io/v1beta1\r\n      command: aws-iam-authenticator\r\n      args:\r\n        - \"token\"\r\n        - \"-i\"\r\n        - \"gourmeal-node\"\r\n",
      "type": "string"
    }
  },
  "resources": [
    {
      "mode": "data",
      "type": "aws_availability_zones",
      "name": "available",
      "provider": "provider[\"registry.terraform.io/hashicorp/aws\"]",
      "instances": [
        {
          "schema_version": 0,
          "attributes": {
            "all_availability_zones": null,
            "exclude_names": null,
            "exclude_zone_ids": null,
            "filter": null,
            "group_names": [
              "us-east-1"
            ],
            "id": "us-east-1",
            "names": [
              "us-east-1a",
              "us-east-1b",
              "us-east-1c",
              "us-east-1d",
              "us-east-1e",
              "us-east-1f"
            ],
            "state": null,
            "timeouts": null,
            "zone_ids": [
              "use1-az1",
              "use1-az2",
              "use1-az4",
              "use1-az6",
              "use1-az3",
              "use1-az5"
            ]
          },
          "sensitive_attributes": []
        }
      ]
    },
    {
      "mode": "data",
      "type": "aws_iam_policy_document",
      "name": "worker_autoscaling",
      "provider": "provider[\"registry.terraform.io/hashicorp/aws\"]",
      "instances": [
        {
          "schema_version": 0,
          "attributes": {
            "id": "2005105974",
            "json": "{\n  \"Version\": \"2012-10-17\",\n  \"Statement\": [\n    {\n      \"Sid\": \"eksWorkerAutoscalingAll\",\n      \"Effect\": \"Allow\",\n      \"Action\": [\n        \"ec2:DescribeLaunchTemplateVersions\",\n        \"autoscaling:DescribeTags\",\n        \"autoscaling:DescribeLaunchConfigurations\",\n        \"autoscaling:DescribeAutoScalingInstances\",\n        \"autoscaling:DescribeAutoScalingGroups\"\n      ],\n      \"Resource\": \"*\"\n    },\n    {\n      \"Sid\": \"eksWorkerAutoscalingOwn\",\n      \"Effect\": \"Allow\",\n      \"Action\": [\n        \"autoscaling:UpdateAutoScalingGroup\",\n        \"autoscaling:TerminateInstanceInAutoScalingGroup\",\n        \"autoscaling:SetDesiredCapacity\"\n      ],\n      \"Resource\": \"*\",\n      \"Condition\": {\n        \"StringEquals\": {\n          \"autoscaling:ResourceTag/k8s.io/cluster-autoscaler/enabled\": \"true\",\n          \"autoscaling:ResourceTag/kubernetes.io/cluster/gourmeal-node\": \"owned\"\n        }\n      }\n    }\n  ]\n}",
            "override_json": null,
            "override_policy_documents": null,
            "policy_id": null,
            "source_json": null,
            "source_policy_documents": null,
            "statement": [
              {
                "actions": [
                  "autoscaling:DescribeAutoScalingGroups",
                  "autoscaling:DescribeAutoScalingInstances",
                  "autoscaling:DescribeLaunchConfigurations",
                  "autoscaling:DescribeTags",
                  "ec2:DescribeLaunchTemplateVersions"
                ],
                "condition": [],
                "effect": "Allow",
                "not_actions": [],
                "not_principals": [],
                "not_resources": [],
                "principals": [],
                "resources": [
                  "*"
                ],
                "sid": "eksWorkerAutoscalingAll"
              },
              {
                "actions": [
                  "autoscaling:SetDesiredCapacity",
                  "autoscaling:TerminateInstanceInAutoScalingGroup",
                  "autoscaling:UpdateAutoScalingGroup"
                ],
                "condition": [
                  {
                    "test": "StringEquals",
                    "values": [
                      "owned"
                    ],
                    "variable": "autoscaling:ResourceTag/kubernetes.io/cluster/gourmeal-node"
                  },
                  {
                    "test": "StringEquals",
                    "values": [
                      "true"
                    ],
                    "variable": "autoscaling:ResourceTag/k8s.io/cluster-autoscaler/enabled"
                  }
                ],
                "effect": "Allow",
                "not_actions": [],
                "not_principals": [],
                "not_resources": [],
                "principals": [],
                "resources": [
                  "*"
                ],
                "sid": "eksWorkerAutoscalingOwn"
              }
            ],
            "version": "2012-10-17"
          },
          "sensitive_attributes": []
        }
      ]
    },
    {
      "mode": "data",
      "type": "http",
      "name": "workstation-external-ip",
      "provider": "provider[\"registry.terraform.io/hashicorp/http\"]",
      "instances": [
        {
          "schema_version": 0,
          "attributes": {
            "body": "66.69.157.117\n",
            "id": "http://ipv4.icanhazip.com",
            "method": null,
            "request_body": null,
            "request_headers": null,
            "response_body": "66.69.157.117\n",
            "response_headers": {
              "Access-Control-Allow-Methods": "GET",
              "Access-Control-Allow-Origin": "*",
              "Alt-Svc": "h3=\":443\"; ma=86400, h3-29=\":443\"; ma=86400",
              "Cf-Ray": "75df03753cd8e9b1-DFW",
              "Connection": "keep-alive",
              "Content-Length": "14",
              "Content-Type": "text/plain",
              "Date": "Sat, 22 Oct 2022 03:05:49 GMT",
              "Server": "cloudflare",
              "Set-Cookie": "__cf_bm=Pc6RcKgurUq_oPGngsRuJTJD3x3zh5ymca8FiTePcag-1666407949-0-Aa8yYQzzHYIyoCFk+XofahD2hnWmSxSxlp4hTgI4nAcEF2/aj4HEdkPQYIpQSy2MldT9udJWGdSQvCyf0Pu0b3I=; path=/; expires=Sat, 22-Oct-22 03:35:49 GMT; domain=.icanhazip.com; HttpOnly; SameSite=None",
              "Vary": "Accept-Encoding"
            },
            "status_code": 200,
            "url": "http://ipv4.icanhazip.com"
          },
          "sensitive_attributes": []
        }
      ]
    },
    {
      "mode": "managed",
      "type": "aws_eks_cluster",
      "name": "gourmeal",
      "provider": "provider[\"registry.terraform.io/hashicorp/aws\"]",
      "instances": [
        {
          "schema_version": 0,
          "attributes": {
            "arn": "arn:aws:eks:us-east-1:737078406263:cluster/gourmeal-node",
            "certificate_authority": [
              {
                "data": "LS0tLS1CRUdJTiBDRVJUSUZJQ0FURS0tLS0tCk1JSUMvakNDQWVhZ0F3SUJBZ0lCQURBTkJna3Foa2lHOXcwQkFRc0ZBREFWTVJNd0VRWURWUVFERXdwcmRXSmwKY201bGRHVnpNQjRYRFRJeU1UQXlNakF6TVRJek4xb1hEVE15TVRBeE9UQXpNVEl6TjFvd0ZURVRNQkVHQTFVRQpBeE1LYTNWaVpYSnVaWFJsY3pDQ0FTSXdEUVlKS29aSWh2Y05BUUVCQlFBRGdnRVBBRENDQVFvQ2dnRUJBTDFVCmZDeTVWWVBocnZqUHRDdEowVURnRTBzY1ZUUE94bTZPeVhWd3Nmb1Y4alZqd1JVSTlKSzAwWHllU1ZxSG9KT0gKOE5lMVQwSFh6MU5uTXVydTdVMy9GQmRvMGhzQkhyNkFZbWJZM3VzL2xSUitTTVhqTnpzUEVFM2VEMlF3TnFnSQpacGpvcEZiQ0c3SjZLbllDL3JDNU8zYWtPR2RLaklDeEtUSEdyTEtqYUVkNkRETzBWVVhzTzJzYXZEUWxzNjk3CkR2Yk5JVGZXT2xWQmM5SnluVENzYW5ZdE9FeExpYnpGUit4czN6UHhFUzVBbTd0TXBQVGhIT04zb2pRYWRrVG4KdmtWVURkTWNKR1IwU2JpZkhkbjZxOGZvNDVnZVlrSXpYck1uUDZkeUE0VTlLeTlEZjZ0R1BoR0d4VkQ2NjYrRQoyQnlzZjhNQ2hUZ3lEQ21hUVZFQ0F3RUFBYU5aTUZjd0RnWURWUjBQQVFIL0JBUURBZ0trTUE4R0ExVWRFd0VCCi93UUZNQU1CQWY4d0hRWURWUjBPQkJZRUZGUTYzN3l3Ry85RWYxQWxmT01qRElhR3RJTk9NQlVHQTFVZEVRUU8KTUF5Q0NtdDFZbVZ5Ym1WMFpYTXdEUVlKS29aSWh2Y05BUUVMQlFBRGdnRUJBQVJkRzNyYWZZM2dhQjZmczFONQorYWh1NVV6bDRPNzl0M3dkY2JOYmNuZ0xCbDQ5MFBtSmZIaUNZQjJzNEJjZ3RJUUE5Z1YyeVRpdytmUjI2RTQzCkVOcHpkRm14TjNHQnVoM0hTM3hDQUFJc2FQdlA0SEVUV0RhTnpyc09NeXdpam9GUWUzZlVBSVFQOEpkdmlJbHoKNXRJcnlCTTV2Zy9MTjM1WmIzU1U5MFNqQlNnWnY5RG9iNEgzWG1Gc2M4eEdNRDFkdmVIOC8vMzE2YS9udFFQRgpndCtkUFc2VnhKK09WZkswL3RmeDNOL2hoUVd1QjFKb2RFSUVXRUYwdTNmM0R2T2Q1TkYwZTBkLzFPc1cvaUUxClVTdTc1dnlLdW04U0JVUnBpamVsODVWZjNGUFRNQ3l5SVZMaUtkWEhyYU44TFl6YURwd1JJTEpManZOaTcrUmEKd28wPQotLS0tLUVORCBDRVJUSUZJQ0FURS0tLS0tCg=="
              }
            ],
            "created_at": "2022-10-22 03:06:23.084 +0000 UTC",
            "enabled_cluster_log_types": null,
            "encryption_config": [],
            "endpoint": "https://7D4197A889A39D1AF97A0243A9E9E78F.gr7.us-east-1.eks.amazonaws.com",
            "id": "gourmeal-node",
            "identity": [
              {
                "oidc": [
                  {
                    "issuer": "https://oidc.eks.us-east-1.amazonaws.com/id/7D4197A889A39D1AF97A0243A9E9E78F"
                  }
                ]
              }
            ],
            "kubernetes_network_config": [
              {
                "ip_family": "ipv4",
                "service_ipv4_cidr": "172.20.0.0/16",
                "service_ipv6_cidr": ""
              }
            ],
            "name": "gourmeal-node",
            "outpost_config": [],
            "platform_version": "eks.2",
            "role_arn": "arn:aws:iam::737078406263:role/gourmeal-cluster",
            "status": "ACTIVE",
            "tags": null,
            "tags_all": {},
            "timeouts": null,
            "version": "1.23",
            "vpc_config": [
              {
                "cluster_security_group_id": "sg-0fd93ca1dac235b07",
                "endpoint_private_access": false,
                "endpoint_public_access": true,
                "public_access_cidrs": [
                  "0.0.0.0/0"
                ],
                "security_group_ids": [
                  "sg-04fba81f117bf1b46"
                ],
                "subnet_ids": [
                  "subnet-06185af7131d93e84",
                  "subnet-0961898c3509284c2"
                ],
                "vpc_id": "vpc-00ff92b7e73471ee1"
              }
            ]
          },
          "sensitive_attributes": [],
          "private": "eyJlMmJmYjczMC1lY2FhLTExZTYtOGY4OC0zNDM2M2JjN2M0YzAiOnsiY3JlYXRlIjoxODAwMDAwMDAwMDAwLCJkZWxldGUiOjkwMDAwMDAwMDAwMCwidXBkYXRlIjozNjAwMDAwMDAwMDAwfX0=",
          "dependencies": [
            "aws_iam_role.gourmeal_cluster",
            "aws_iam_role_policy_attachment.gourmeal_cluster-AmazonEKSClusterPolicy",
            "aws_iam_role_policy_attachment.gourmeal_cluster-AmazonEKSVPCResourceController",
            "aws_security_group.gourmeal_cluster",
            "aws_subnet.gourmeal",
            "aws_vpc.gourmeal",
            "data.aws_availability_zones.available"
          ]
        }
      ]
    },
    {
      "mode": "managed",
      "type": "aws_eks_node_group",
      "name": "gourmeal",
      "provider": "provider[\"registry.terraform.io/hashicorp/aws\"]",
      "instances": [
        {
          "schema_version": 0,
          "attributes": {
            "ami_type": "AL2_x86_64",
            "arn": "arn:aws:eks:us-east-1:737078406263:nodegroup/gourmeal-node/demo/78c1fed8-d360-c6e6-e3f9-3c386e7d7871",
            "capacity_type": "ON_DEMAND",
            "cluster_name": "gourmeal-node",
            "disk_size": 20,
            "force_update_version": null,
            "id": "gourmeal-node:demo",
            "instance_types": [
              "t2.medium"
            ],
            "labels": null,
            "launch_template": [],
            "node_group_name": "demo",
            "node_group_name_prefix": "",
            "node_role_arn": "arn:aws:iam::737078406263:role/gourmeal-eks-node",
            "release_version": "1.23.9-20220926",
            "remote_access": [
              {
                "ec2_ssh_key": "eks",
                "source_security_group_ids": null
              }
            ],
            "resources": [
              {
                "autoscaling_groups": [
                  {
                    "name": "eks-demo-78c1fed8-d360-c6e6-e3f9-3c386e7d7871"
                  }
                ],
                "remote_access_security_group_id": "sg-050a5cdf008581491"
              }
            ],
            "scaling_config": [
              {
                "desired_size": 5,
                "max_size": 7,
                "min_size": 5
              }
            ],
            "status": "ACTIVE",
            "subnet_ids": [
              "subnet-06185af7131d93e84",
              "subnet-0961898c3509284c2"
            ],
            "tags": null,
            "tags_all": {},
            "taint": [],
            "timeouts": null,
            "update_config": [
              {
                "max_unavailable": 1,
                "max_unavailable_percentage": 0
              }
            ],
            "version": "1.23"
          },
          "sensitive_attributes": [],
          "private": "eyJlMmJmYjczMC1lY2FhLTExZTYtOGY4OC0zNDM2M2JjN2M0YzAiOnsiY3JlYXRlIjozNjAwMDAwMDAwMDAwLCJkZWxldGUiOjM2MDAwMDAwMDAwMDAsInVwZGF0ZSI6MzYwMDAwMDAwMDAwMH19",
          "dependencies": [
            "aws_eks_cluster.gourmeal",
            "aws_iam_policy.worker_autoscaling",
            "aws_iam_role.gourmeal_cluster",
            "aws_iam_role.gourmeal_node",
            "aws_iam_role_policy_attachment.gourmeal_cluster-AmazonEKSClusterPolicy",
            "aws_iam_role_policy_attachment.gourmeal_cluster-AmazonEKSVPCResourceController",
            "aws_iam_role_policy_attachment.gourmeal_node-AmazonEC2ContainerRegistryReadOnly",
            "aws_iam_role_policy_attachment.gourmeal_node-AmazonEKSWorkerNodePolicy",
            "aws_iam_role_policy_attachment.gourmeal_node-AmazonEKS_CNI_Policy",
            "aws_iam_role_policy_attachment.workers_autoscaling",
            "aws_security_group.gourmeal_cluster",
            "aws_subnet.gourmeal",
            "aws_vpc.gourmeal",
            "data.aws_availability_zones.available",
            "data.aws_iam_policy_document.worker_autoscaling"
          ]
        }
      ]
    },
    {
      "mode": "managed",
      "type": "aws_iam_policy",
      "name": "worker_autoscaling",
      "provider": "provider[\"registry.terraform.io/hashicorp/aws\"]",
      "instances": [
        {
          "schema_version": 0,
          "attributes": {
            "arn": "arn:aws:iam::737078406263:policy/eks-worker-autoscaling-gourmeal-node20221022031701640700000006",
            "description": "EKS worker node autoscaling policy for cluster gourmeal-node",
            "id": "arn:aws:iam::737078406263:policy/eks-worker-autoscaling-gourmeal-node20221022031701640700000006",
            "name": "eks-worker-autoscaling-gourmeal-node20221022031701640700000006",
            "name_prefix": "eks-worker-autoscaling-gourmeal-node",
            "path": "/",
            "policy": "{\"Statement\":[{\"Action\":[\"ec2:DescribeLaunchTemplateVersions\",\"autoscaling:DescribeTags\",\"autoscaling:DescribeLaunchConfigurations\",\"autoscaling:DescribeAutoScalingInstances\",\"autoscaling:DescribeAutoScalingGroups\"],\"Effect\":\"Allow\",\"Resource\":\"*\",\"Sid\":\"eksWorkerAutoscalingAll\"},{\"Action\":[\"autoscaling:UpdateAutoScalingGroup\",\"autoscaling:TerminateInstanceInAutoScalingGroup\",\"autoscaling:SetDesiredCapacity\"],\"Condition\":{\"StringEquals\":{\"autoscaling:ResourceTag/k8s.io/cluster-autoscaler/enabled\":\"true\",\"autoscaling:ResourceTag/kubernetes.io/cluster/gourmeal-node\":\"owned\"}},\"Effect\":\"Allow\",\"Resource\":\"*\",\"Sid\":\"eksWorkerAutoscalingOwn\"}],\"Version\":\"2012-10-17\"}",
            "policy_id": "ANPA2XHKL5R34XG5KXJ7G",
            "tags": null,
            "tags_all": {}
          },
          "sensitive_attributes": [],
          "private": "bnVsbA==",
          "dependencies": [
            "aws_eks_cluster.gourmeal",
            "aws_iam_role.gourmeal_cluster",
            "aws_iam_role_policy_attachment.gourmeal_cluster-AmazonEKSClusterPolicy",
            "aws_iam_role_policy_attachment.gourmeal_cluster-AmazonEKSVPCResourceController",
            "aws_security_group.gourmeal_cluster",
            "aws_subnet.gourmeal",
            "aws_vpc.gourmeal",
            "data.aws_availability_zones.available",
            "data.aws_iam_policy_document.worker_autoscaling"
          ]
        }
      ]
    },
    {
      "mode": "managed",
      "type": "aws_iam_role",
      "name": "gourmeal_cluster",
      "provider": "provider[\"registry.terraform.io/hashicorp/aws\"]",
      "instances": [
        {
          "schema_version": 0,
          "attributes": {
            "arn": "arn:aws:iam::737078406263:role/gourmeal-cluster",
            "assume_role_policy": "{\"Statement\":[{\"Action\":\"sts:AssumeRole\",\"Effect\":\"Allow\",\"Principal\":{\"Service\":\"eks.amazonaws.com\"}}],\"Version\":\"2012-10-17\"}",
            "create_date": "2022-10-22T03:06:08Z",
            "description": "",
            "force_detach_policies": false,
            "id": "gourmeal-cluster",
            "inline_policy": [],
            "managed_policy_arns": [],
            "max_session_duration": 3600,
            "name": "gourmeal-cluster",
            "name_prefix": "",
            "path": "/",
            "permissions_boundary": null,
            "tags": null,
            "tags_all": {},
            "unique_id": "AROA2XHKL5R3W2LCDQFO7"
          },
          "sensitive_attributes": [],
          "private": "bnVsbA=="
        }
      ]
    },
    {
      "mode": "managed",
      "type": "aws_iam_role",
      "name": "gourmeal_node",
      "provider": "provider[\"registry.terraform.io/hashicorp/aws\"]",
      "instances": [
        {
          "schema_version": 0,
          "attributes": {
            "arn": "arn:aws:iam::737078406263:role/gourmeal-eks-node",
            "assume_role_policy": "{\"Statement\":[{\"Action\":\"sts:AssumeRole\",\"Effect\":\"Allow\",\"Principal\":{\"Service\":\"ec2.amazonaws.com\"}}],\"Version\":\"2012-10-17\"}",
            "create_date": "2022-10-22T03:06:08Z",
            "description": "",
            "force_detach_policies": false,
            "id": "gourmeal-eks-node",
            "inline_policy": [],
            "managed_policy_arns": [],
            "max_session_duration": 3600,
            "name": "gourmeal-eks-node",
            "name_prefix": "",
            "path": "/",
            "permissions_boundary": null,
            "tags": null,
            "tags_all": {},
            "unique_id": "AROA2XHKL5R3XLJ2WCPUQ"
          },
          "sensitive_attributes": [],
          "private": "bnVsbA=="
        }
      ]
    },
    {
      "mode": "managed",
      "type": "aws_iam_role_policy_attachment",
      "name": "gourmeal_cluster-AmazonEKSClusterPolicy",
      "provider": "provider[\"registry.terraform.io/hashicorp/aws\"]",
      "instances": [
        {
          "schema_version": 0,
          "attributes": {
            "id": "gourmeal-cluster-20221022030610307500000003",
            "policy_arn": "arn:aws:iam::aws:policy/AmazonEKSClusterPolicy",
            "role": "gourmeal-cluster"
          },
          "sensitive_attributes": [],
          "private": "bnVsbA==",
          "dependencies": [
            "aws_iam_role.gourmeal_cluster"
          ]
        }
      ]
    },
    {
      "mode": "managed",
      "type": "aws_iam_role_policy_attachment",
      "name": "gourmeal_cluster-AmazonEKSVPCResourceController",
      "provider": "provider[\"registry.terraform.io/hashicorp/aws\"]",
      "instances": [
        {
          "schema_version": 0,
          "attributes": {
            "id": "gourmeal-cluster-20221022030610308000000004",
            "policy_arn": "arn:aws:iam::aws:policy/AmazonEKSVPCResourceController",
            "role": "gourmeal-cluster"
          },
          "sensitive_attributes": [],
          "private": "bnVsbA==",
          "dependencies": [
            "aws_iam_role.gourmeal_cluster"
          ]
        }
      ]
    },
    {
      "mode": "managed",
      "type": "aws_iam_role_policy_attachment",
      "name": "gourmeal_node-AmazonEC2ContainerRegistryReadOnly",
      "provider": "provider[\"registry.terraform.io/hashicorp/aws\"]",
      "instances": [
        {
          "schema_version": 0,
          "attributes": {
            "id": "gourmeal-eks-node-20221022030610185400000002",
            "policy_arn": "arn:aws:iam::aws:policy/AmazonEC2ContainerRegistryReadOnly",
            "role": "gourmeal-eks-node"
          },
          "sensitive_attributes": [],
          "private": "bnVsbA==",
          "dependencies": [
            "aws_iam_role.gourmeal_node"
          ]
        }
      ]
    },
    {
      "mode": "managed",
      "type": "aws_iam_role_policy_attachment",
      "name": "gourmeal_node-AmazonEKSWorkerNodePolicy",
      "provider": "provider[\"registry.terraform.io/hashicorp/aws\"]",
      "instances": [
        {
          "schema_version": 0,
          "attributes": {
            "id": "gourmeal-eks-node-20221022030610452200000005",
            "policy_arn": "arn:aws:iam::aws:policy/AmazonEKSWorkerNodePolicy",
            "role": "gourmeal-eks-node"
          },
          "sensitive_attributes": [],
          "private": "bnVsbA==",
          "dependencies": [
            "aws_iam_role.gourmeal_node"
          ]
        }
      ]
    },
    {
      "mode": "managed",
      "type": "aws_iam_role_policy_attachment",
      "name": "gourmeal_node-AmazonEKS_CNI_Policy",
      "provider": "provider[\"registry.terraform.io/hashicorp/aws\"]",
      "instances": [
        {
          "schema_version": 0,
          "attributes": {
            "id": "gourmeal-eks-node-20221022030610177800000001",
            "policy_arn": "arn:aws:iam::aws:policy/AmazonEKS_CNI_Policy",
            "role": "gourmeal-eks-node"
          },
          "sensitive_attributes": [],
          "private": "bnVsbA==",
          "dependencies": [
            "aws_iam_role.gourmeal_node"
          ]
        }
      ]
    },
    {
      "mode": "managed",
      "type": "aws_iam_role_policy_attachment",
      "name": "workers_autoscaling",
      "provider": "provider[\"registry.terraform.io/hashicorp/aws\"]",
      "instances": [
        {
          "schema_version": 0,
          "attributes": {
            "id": "gourmeal-eks-node-20221022031702659900000007",
            "policy_arn": "arn:aws:iam::737078406263:policy/eks-worker-autoscaling-gourmeal-node20221022031701640700000006",
            "role": "gourmeal-eks-node"
          },
          "sensitive_attributes": [],
          "private": "bnVsbA==",
          "dependencies": [
            "aws_eks_cluster.gourmeal",
            "aws_iam_policy.worker_autoscaling",
            "aws_iam_role.gourmeal_cluster",
            "aws_iam_role.gourmeal_node",
            "aws_iam_role_policy_attachment.gourmeal_cluster-AmazonEKSClusterPolicy",
            "aws_iam_role_policy_attachment.gourmeal_cluster-AmazonEKSVPCResourceController",
            "aws_security_group.gourmeal_cluster",
            "aws_subnet.gourmeal",
            "aws_vpc.gourmeal",
            "data.aws_availability_zones.available",
            "data.aws_iam_policy_document.worker_autoscaling"
          ]
        }
      ]
    },
    {
      "mode": "managed",
      "type": "aws_internet_gateway",
      "name": "gourmeal",
      "provider": "provider[\"registry.terraform.io/hashicorp/aws\"]",
      "instances": [
        {
          "schema_version": 0,
          "attributes": {
            "arn": "arn:aws:ec2:us-east-1:737078406263:internet-gateway/igw-0ef93be067e1736e8",
            "id": "igw-0ef93be067e1736e8",
            "owner_id": "737078406263",
            "tags": {
              "Name": "gourmeal"
            },
            "tags_all": {
              "Name": "gourmeal"
            },
            "timeouts": null,
            "vpc_id": "vpc-00ff92b7e73471ee1"
          },
          "sensitive_attributes": [],
          "private": "eyJlMmJmYjczMC1lY2FhLTExZTYtOGY4OC0zNDM2M2JjN2M0YzAiOnsiY3JlYXRlIjoxMjAwMDAwMDAwMDAwLCJkZWxldGUiOjEyMDAwMDAwMDAwMDAsInVwZGF0ZSI6MTIwMDAwMDAwMDAwMH19",
          "dependencies": [
            "aws_vpc.gourmeal"
          ]
        }
      ]
    },
    {
      "mode": "managed",
      "type": "aws_route_table",
      "name": "gourmeal",
      "provider": "provider[\"registry.terraform.io/hashicorp/aws\"]",
      "instances": [
        {
          "schema_version": 0,
          "attributes": {
            "arn": "arn:aws:ec2:us-east-1:737078406263:route-table/rtb-0eb5f5883b0ecf859",
            "id": "rtb-0eb5f5883b0ecf859",
            "owner_id": "737078406263",
            "propagating_vgws": [],
            "route": [
              {
                "carrier_gateway_id": "",
                "cidr_block": "0.0.0.0/0",
                "core_network_arn": "",
                "destination_prefix_list_id": "",
                "egress_only_gateway_id": "",
                "gateway_id": "igw-0ef93be067e1736e8",
                "instance_id": "",
                "ipv6_cidr_block": "",
                "local_gateway_id": "",
                "nat_gateway_id": "",
                "network_interface_id": "",
                "transit_gateway_id": "",
                "vpc_endpoint_id": "",
                "vpc_peering_connection_id": ""
              }
            ],
            "tags": null,
            "tags_all": {},
            "timeouts": null,
            "vpc_id": "vpc-00ff92b7e73471ee1"
          },
          "sensitive_attributes": [],
          "private": "eyJlMmJmYjczMC1lY2FhLTExZTYtOGY4OC0zNDM2M2JjN2M0YzAiOnsiY3JlYXRlIjozMDAwMDAwMDAwMDAsImRlbGV0ZSI6MzAwMDAwMDAwMDAwLCJ1cGRhdGUiOjEyMDAwMDAwMDAwMH19",
          "dependencies": [
            "aws_internet_gateway.gourmeal",
            "aws_vpc.gourmeal"
          ]
        }
      ]
    },
    {
      "mode": "managed",
      "type": "aws_route_table_association",
      "name": "gourmeal",
      "provider": "provider[\"registry.terraform.io/hashicorp/aws\"]",
      "instances": [
        {
          "index_key": 0,
          "schema_version": 0,
          "attributes": {
            "gateway_id": "",
            "id": "rtbassoc-0e9dbb4cd1fcec460",
            "route_table_id": "rtb-0eb5f5883b0ecf859",
            "subnet_id": "subnet-06185af7131d93e84"
          },
          "sensitive_attributes": [],
          "private": "bnVsbA==",
          "dependencies": [
            "aws_internet_gateway.gourmeal",
            "aws_route_table.gourmeal",
            "aws_subnet.gourmeal",
            "aws_vpc.gourmeal",
            "data.aws_availability_zones.available"
          ]
        },
        {
          "index_key": 1,
          "schema_version": 0,
          "attributes": {
            "gateway_id": "",
            "id": "rtbassoc-0bd14b4e29b014e74",
            "route_table_id": "rtb-0eb5f5883b0ecf859",
            "subnet_id": "subnet-0961898c3509284c2"
          },
          "sensitive_attributes": [],
          "private": "bnVsbA==",
          "dependencies": [
            "aws_internet_gateway.gourmeal",
            "aws_route_table.gourmeal",
            "aws_subnet.gourmeal",
            "aws_vpc.gourmeal",
            "data.aws_availability_zones.available"
          ]
        }
      ]
    },
    {
      "mode": "managed",
      "type": "aws_security_group",
      "name": "gourmeal_cluster",
      "provider": "provider[\"registry.terraform.io/hashicorp/aws\"]",
      "instances": [
        {
          "schema_version": 1,
          "attributes": {
            "arn": "arn:aws:ec2:us-east-1:737078406263:security-group/sg-04fba81f117bf1b46",
            "description": "Cluster communication with worker nodes",
            "egress": [
              {
                "cidr_blocks": [
                  "0.0.0.0/0"
                ],
                "description": "",
                "from_port": 0,
                "ipv6_cidr_blocks": [],
                "prefix_list_ids": [],
                "protocol": "-1",
                "security_groups": [],
                "self": false,
                "to_port": 0
              }
            ],
            "id": "sg-04fba81f117bf1b46",
            "ingress": [],
            "name": "gourmeal-cluster",
            "name_prefix": "",
            "owner_id": "737078406263",
            "revoke_rules_on_delete": false,
            "tags": {
              "Name": "gourmeal-eks"
            },
            "tags_all": {
              "Name": "gourmeal-eks"
            },
            "timeouts": null,
            "vpc_id": "vpc-00ff92b7e73471ee1"
          },
          "sensitive_attributes": [],
          "private": "eyJlMmJmYjczMC1lY2FhLTExZTYtOGY4OC0zNDM2M2JjN2M0YzAiOnsiY3JlYXRlIjo2MDAwMDAwMDAwMDAsImRlbGV0ZSI6OTAwMDAwMDAwMDAwfSwic2NoZW1hX3ZlcnNpb24iOiIxIn0=",
          "dependencies": [
            "aws_vpc.gourmeal"
          ]
        }
      ]
    },
    {
      "mode": "managed",
      "type": "aws_security_group_rule",
      "name": "gourmeal_cluster-ingress-workstation-https",
      "provider": "provider[\"registry.terraform.io/hashicorp/aws\"]",
      "instances": [
        {
          "schema_version": 2,
          "attributes": {
            "cidr_blocks": [
              "66.69.157.117/32"
            ],
            "description": "Allow workstation to communicate with the cluster API Server",
            "from_port": 443,
            "id": "sgrule-3252653242",
            "ipv6_cidr_blocks": null,
            "prefix_list_ids": null,
            "protocol": "tcp",
            "security_group_id": "sg-04fba81f117bf1b46",
            "self": false,
            "source_security_group_id": null,
            "timeouts": null,
            "to_port": 443,
            "type": "ingress"
          },
          "sensitive_attributes": [],
          "private": "eyJlMmJmYjczMC1lY2FhLTExZTYtOGY4OC0zNDM2M2JjN2M0YzAiOnsiY3JlYXRlIjozMDAwMDAwMDAwMDB9LCJzY2hlbWFfdmVyc2lvbiI6IjIifQ==",
          "dependencies": [
            "aws_security_group.gourmeal_cluster",
            "aws_vpc.gourmeal",
            "data.http.workstation-external-ip"
          ]
        }
      ]
    },
    {
      "mode": "managed",
      "type": "aws_subnet",
      "name": "gourmeal",
      "provider": "provider[\"registry.terraform.io/hashicorp/aws\"]",
      "instances": [
        {
          "index_key": 0,
          "schema_version": 1,
          "attributes": {
            "arn": "arn:aws:ec2:us-east-1:737078406263:subnet/subnet-06185af7131d93e84",
            "assign_ipv6_address_on_creation": false,
            "availability_zone": "us-east-1a",
            "availability_zone_id": "use1-az1",
            "cidr_block": "10.0.0.0/24",
            "customer_owned_ipv4_pool": "",
            "enable_dns64": false,
            "enable_resource_name_dns_a_record_on_launch": false,
            "enable_resource_name_dns_aaaa_record_on_launch": false,
            "id": "subnet-06185af7131d93e84",
            "ipv6_cidr_block": "",
            "ipv6_cidr_block_association_id": "",
            "ipv6_native": false,
            "map_customer_owned_ip_on_launch": false,
            "map_public_ip_on_launch": true,
            "outpost_arn": "",
            "owner_id": "737078406263",
            "private_dns_hostname_type_on_launch": "ip-name",
            "tags": {
              "Name": "gourmeal-node",
              "kubernetes.io/cluster/gourmeal-node": "shared"
            },
            "tags_all": {
              "Name": "gourmeal-node",
              "kubernetes.io/cluster/gourmeal-node": "shared"
            },
            "timeouts": null,
            "vpc_id": "vpc-00ff92b7e73471ee1"
          },
          "sensitive_attributes": [],
          "private": "eyJlMmJmYjczMC1lY2FhLTExZTYtOGY4OC0zNDM2M2JjN2M0YzAiOnsiY3JlYXRlIjo2MDAwMDAwMDAwMDAsImRlbGV0ZSI6MTIwMDAwMDAwMDAwMH0sInNjaGVtYV92ZXJzaW9uIjoiMSJ9",
          "dependencies": [
            "aws_vpc.gourmeal",
            "data.aws_availability_zones.available"
          ]
        },
        {
          "index_key": 1,
          "schema_version": 1,
          "attributes": {
            "arn": "arn:aws:ec2:us-east-1:737078406263:subnet/subnet-0961898c3509284c2",
            "assign_ipv6_address_on_creation": false,
            "availability_zone": "us-east-1b",
            "availability_zone_id": "use1-az2",
            "cidr_block": "10.0.1.0/24",
            "customer_owned_ipv4_pool": "",
            "enable_dns64": false,
            "enable_resource_name_dns_a_record_on_launch": false,
            "enable_resource_name_dns_aaaa_record_on_launch": false,
            "id": "subnet-0961898c3509284c2",
            "ipv6_cidr_block": "",
            "ipv6_cidr_block_association_id": "",
            "ipv6_native": false,
            "map_customer_owned_ip_on_launch": false,
            "map_public_ip_on_launch": true,
            "outpost_arn": "",
            "owner_id": "737078406263",
            "private_dns_hostname_type_on_launch": "ip-name",
            "tags": {
              "Name": "gourmeal-node",
              "kubernetes.io/cluster/gourmeal-node": "shared"
            },
            "tags_all": {
              "Name": "gourmeal-node",
              "kubernetes.io/cluster/gourmeal-node": "shared"
            },
            "timeouts": null,
            "vpc_id": "vpc-00ff92b7e73471ee1"
          },
          "sensitive_attributes": [],
          "private": "eyJlMmJmYjczMC1lY2FhLTExZTYtOGY4OC0zNDM2M2JjN2M0YzAiOnsiY3JlYXRlIjo2MDAwMDAwMDAwMDAsImRlbGV0ZSI6MTIwMDAwMDAwMDAwMH0sInNjaGVtYV92ZXJzaW9uIjoiMSJ9",
          "dependencies": [
            "aws_vpc.gourmeal",
            "data.aws_availability_zones.available"
          ]
        }
      ]
    },
    {
      "mode": "managed",
      "type": "aws_vpc",
      "name": "gourmeal",
      "provider": "provider[\"registry.terraform.io/hashicorp/aws\"]",
      "instances": [
        {
          "schema_version": 1,
          "attributes": {
            "arn": "arn:aws:ec2:us-east-1:737078406263:vpc/vpc-00ff92b7e73471ee1",
            "assign_generated_ipv6_cidr_block": false,
            "cidr_block": "10.0.0.0/16",
            "default_network_acl_id": "acl-0cfd4cc260574c00e",
            "default_route_table_id": "rtb-060f57c65c63adcea",
            "default_security_group_id": "sg-0f3b04766bad57405",
            "dhcp_options_id": "dopt-0848c129e911f4c46",
            "enable_classiclink": false,
            "enable_classiclink_dns_support": false,
            "enable_dns_hostnames": false,
            "enable_dns_support": true,
            "enable_network_address_usage_metrics": false,
            "id": "vpc-00ff92b7e73471ee1",
            "instance_tenancy": "default",
            "ipv4_ipam_pool_id": null,
            "ipv4_netmask_length": null,
            "ipv6_association_id": "",
            "ipv6_cidr_block": "",
            "ipv6_cidr_block_network_border_group": "",
            "ipv6_ipam_pool_id": "",
            "ipv6_netmask_length": 0,
            "main_route_table_id": "rtb-060f57c65c63adcea",
            "owner_id": "737078406263",
            "tags": {
              "Name": "gourmeal-node",
              "kubernetes.io/cluster/gourmeal-node": "shared"
            },
            "tags_all": {
              "Name": "gourmeal-node",
              "kubernetes.io/cluster/gourmeal-node": "shared"
            }
          },
          "sensitive_attributes": [],
          "private": "eyJzY2hlbWFfdmVyc2lvbiI6IjEifQ=="
        }
      ]
    }
  ]
}
